
Microsoft Visual Studio Solution File, Format Version 12.00
# Visual Studio Version 16
VisualStudioVersion = 16.0.30523.141
MinimumVisualStudioVersion = 10.0.40219.1
Project("{FAE04EC0-301F-11D3-BF4B-00C04F79EFBC}") = "Curs12", "Curs12.csproj", "{BE488A2F-F00D-4D44-B1A1-59E40A623701}"
EndProject
Global
	GlobalSection(SolutionConfigurationPlatforms) = preSolution
		Debug|Any CPU = Debug|Any CPU
		Release|Any CPU = Release|Any CPU
	EndGlobalSection
	GlobalSection(ProjectConfigurationPlatforms) = postSolution
		{BE488A2F-F00D-4D44-B1A1-59E40A623701}.Debug|Any CPU.ActiveCfg = Debug|Any CPU
		{BE488A2F-F00D-4D44-B1A1-59E40A623701}.Debug|Any CPU.Build.0 = Debug|Any CPU
		{BE488A2F-F00D-4D44-B1A1-59E40A623701}.Release|Any CPU.ActiveCfg = Release|Any CPU
		{BE488A2F-F00D-4D44-B1A1-59E40A623701}.Release|Any CPU.Build.0 = Release|Any CPU
	EndGlobalSection
	GlobalSection(SolutionProperties) = preSolution
		HideSolutionNode = FALSE
	EndGlobalSection
	GlobalSection(ExtensibilityGlobals) = postSolution
		SolutionGuid = {A80C8203-31DF-436B-A9F5-2405043A8A75}
	EndGlobalSection
EndGlobal
