
Microsoft Visual Studio Solution File, Format Version 12.00
# Visual Studio Version 16
VisualStudioVersion = 16.0.30523.141
MinimumVisualStudioVersion = 10.0.40219.1
Project("{FAE04EC0-301F-11D3-BF4B-00C04F79EFBC}") = "Curs10Forms", "Curs10Forms.csproj", "{0AB4EC9C-51EE-4A2D-BB15-45FB07500DB9}"
EndProject
Global
	GlobalSection(SolutionConfigurationPlatforms) = preSolution
		Debug|Any CPU = Debug|Any CPU
		Release|Any CPU = Release|Any CPU
	EndGlobalSection
	GlobalSection(ProjectConfigurationPlatforms) = postSolution
		{0AB4EC9C-51EE-4A2D-BB15-45FB07500DB9}.Debug|Any CPU.ActiveCfg = Debug|Any CPU
		{0AB4EC9C-51EE-4A2D-BB15-45FB07500DB9}.Debug|Any CPU.Build.0 = Debug|Any CPU
		{0AB4EC9C-51EE-4A2D-BB15-45FB07500DB9}.Release|Any CPU.ActiveCfg = Release|Any CPU
		{0AB4EC9C-51EE-4A2D-BB15-45FB07500DB9}.Release|Any CPU.Build.0 = Release|Any CPU
	EndGlobalSection
	GlobalSection(SolutionProperties) = preSolution
		HideSolutionNode = FALSE
	EndGlobalSection
	GlobalSection(ExtensibilityGlobals) = postSolution
		SolutionGuid = {2074740D-AAF1-4FC1-AB47-C9C50094767B}
	EndGlobalSection
EndGlobal
